
Microsoft Visual Studio Solution File, Format Version 12.00
# Visual Studio Version 16
VisualStudioVersion = 16.0.29403.142
MinimumVisualStudioVersion = 10.0.40219.1
Project("{FAE04EC0-301F-11D3-BF4B-00C04F79EFBC}") = "Rekenmachine", "Rekenmachine\Rekenmachine.csproj", "{204A9D72-BF2E-4E0A-BF71-4A7650403424}"
EndProject
Project("{FAE04EC0-301F-11D3-BF4B-00C04F79EFBC}") = "RekenmachineLibrary", "RekenmachineLibrary\RekenmachineLibrary.csproj", "{57DDC554-B4CD-45BB-97AA-E57F4565153B}"
EndProject
Global
	GlobalSection(SolutionConfigurationPlatforms) = preSolution
		Debug|Any CPU = Debug|Any CPU
		Release|Any CPU = Release|Any CPU
	EndGlobalSection
	GlobalSection(ProjectConfigurationPlatforms) = postSolution
		{204A9D72-BF2E-4E0A-BF71-4A7650403424}.Debug|Any CPU.ActiveCfg = Debug|Any CPU
		{204A9D72-BF2E-4E0A-BF71-4A7650403424}.Debug|Any CPU.Build.0 = Debug|Any CPU
		{204A9D72-BF2E-4E0A-BF71-4A7650403424}.Release|Any CPU.ActiveCfg = Release|Any CPU
		{204A9D72-BF2E-4E0A-BF71-4A7650403424}.Release|Any CPU.Build.0 = Release|Any CPU
		{57DDC554-B4CD-45BB-97AA-E57F4565153B}.Debug|Any CPU.ActiveCfg = Debug|Any CPU
		{57DDC554-B4CD-45BB-97AA-E57F4565153B}.Debug|Any CPU.Build.0 = Debug|Any CPU
		{57DDC554-B4CD-45BB-97AA-E57F4565153B}.Release|Any CPU.ActiveCfg = Release|Any CPU
		{57DDC554-B4CD-45BB-97AA-E57F4565153B}.Release|Any CPU.Build.0 = Release|Any CPU
	EndGlobalSection
	GlobalSection(SolutionProperties) = preSolution
		HideSolutionNode = FALSE
	EndGlobalSection
	GlobalSection(ExtensibilityGlobals) = postSolution
		SolutionGuid = {021023DD-F438-47BD-B3C4-DB7B5CA9B847}
	EndGlobalSection
EndGlobal
