
Microsoft Visual Studio Solution File, Format Version 12.00
# Visual Studio Version 16
VisualStudioVersion = 16.0.29409.12
MinimumVisualStudioVersion = 10.0.40219.1
Project("{FAE04EC0-301F-11D3-BF4B-00C04F79EFBC}") = "Oefening1", "Oefening1.csproj", "{A3F07368-EB4A-4BA9-B9E2-6CB4B70F7445}"
EndProject
Project("{FAE04EC0-301F-11D3-BF4B-00C04F79EFBC}") = "Oefening1.Tests", "..\Oefening1.Tests\Oefening1.Tests.csproj", "{905AD233-5F28-497D-9AAF-F82A373E1F94}"
EndProject
Global
	GlobalSection(SolutionConfigurationPlatforms) = preSolution
		Debug|Any CPU = Debug|Any CPU
		Release|Any CPU = Release|Any CPU
	EndGlobalSection
	GlobalSection(ProjectConfigurationPlatforms) = postSolution
		{A3F07368-EB4A-4BA9-B9E2-6CB4B70F7445}.Debug|Any CPU.ActiveCfg = Debug|Any CPU
		{A3F07368-EB4A-4BA9-B9E2-6CB4B70F7445}.Debug|Any CPU.Build.0 = Debug|Any CPU
		{A3F07368-EB4A-4BA9-B9E2-6CB4B70F7445}.Release|Any CPU.ActiveCfg = Release|Any CPU
		{A3F07368-EB4A-4BA9-B9E2-6CB4B70F7445}.Release|Any CPU.Build.0 = Release|Any CPU
		{905AD233-5F28-497D-9AAF-F82A373E1F94}.Debug|Any CPU.ActiveCfg = Debug|Any CPU
		{905AD233-5F28-497D-9AAF-F82A373E1F94}.Debug|Any CPU.Build.0 = Debug|Any CPU
		{905AD233-5F28-497D-9AAF-F82A373E1F94}.Release|Any CPU.ActiveCfg = Release|Any CPU
		{905AD233-5F28-497D-9AAF-F82A373E1F94}.Release|Any CPU.Build.0 = Release|Any CPU
	EndGlobalSection
	GlobalSection(SolutionProperties) = preSolution
		HideSolutionNode = FALSE
	EndGlobalSection
	GlobalSection(ExtensibilityGlobals) = postSolution
		SolutionGuid = {6A1BC73F-9E95-47A9-BA19-EDA6102A0057}
	EndGlobalSection
EndGlobal
