
Microsoft Visual Studio Solution File, Format Version 12.00
# Visual Studio Version 16
VisualStudioVersion = 16.0.29409.12
MinimumVisualStudioVersion = 10.0.40219.1
Project("{FAE04EC0-301F-11D3-BF4B-00C04F79EFBC}") = "CurrencyConvertor", "CurrencyConvertor.csproj", "{A17E15D3-40B6-4210-A914-C7CEE7DB12C4}"
EndProject
Global
	GlobalSection(SolutionConfigurationPlatforms) = preSolution
		Debug|Any CPU = Debug|Any CPU
		Release|Any CPU = Release|Any CPU
	EndGlobalSection
	GlobalSection(ProjectConfigurationPlatforms) = postSolution
		{A17E15D3-40B6-4210-A914-C7CEE7DB12C4}.Debug|Any CPU.ActiveCfg = Debug|Any CPU
		{A17E15D3-40B6-4210-A914-C7CEE7DB12C4}.Debug|Any CPU.Build.0 = Debug|Any CPU
		{A17E15D3-40B6-4210-A914-C7CEE7DB12C4}.Release|Any CPU.ActiveCfg = Release|Any CPU
		{A17E15D3-40B6-4210-A914-C7CEE7DB12C4}.Release|Any CPU.Build.0 = Release|Any CPU
	EndGlobalSection
	GlobalSection(SolutionProperties) = preSolution
		HideSolutionNode = FALSE
	EndGlobalSection
	GlobalSection(ExtensibilityGlobals) = postSolution
		SolutionGuid = {FC07E96C-0CE6-4EAA-AF1C-402F464E8B23}
	EndGlobalSection
EndGlobal
