
Microsoft Visual Studio Solution File, Format Version 12.00
# Visual Studio 15
VisualStudioVersion = 15.0.28307.852
MinimumVisualStudioVersion = 10.0.40219.1
Project("{FAE04EC0-301F-11D3-BF4B-00C04F79EFBC}") = "Oefening3", "Oefening3\Oefening3.csproj", "{C7FD0341-56BA-4D5D-B6EC-ABDE6B1AD7B9}"
EndProject
Global
	GlobalSection(SolutionConfigurationPlatforms) = preSolution
		Debug|Any CPU = Debug|Any CPU
		Release|Any CPU = Release|Any CPU
	EndGlobalSection
	GlobalSection(ProjectConfigurationPlatforms) = postSolution
		{C7FD0341-56BA-4D5D-B6EC-ABDE6B1AD7B9}.Debug|Any CPU.ActiveCfg = Debug|Any CPU
		{C7FD0341-56BA-4D5D-B6EC-ABDE6B1AD7B9}.Debug|Any CPU.Build.0 = Debug|Any CPU
		{C7FD0341-56BA-4D5D-B6EC-ABDE6B1AD7B9}.Release|Any CPU.ActiveCfg = Release|Any CPU
		{C7FD0341-56BA-4D5D-B6EC-ABDE6B1AD7B9}.Release|Any CPU.Build.0 = Release|Any CPU
	EndGlobalSection
	GlobalSection(SolutionProperties) = preSolution
		HideSolutionNode = FALSE
	EndGlobalSection
	GlobalSection(ExtensibilityGlobals) = postSolution
		SolutionGuid = {D5C01879-8DC4-433F-BCA5-F59B68ABD98D}
	EndGlobalSection
EndGlobal
